
Microsoft Visual Studio Solution File, Format Version 12.00
# Visual Studio 14
VisualStudioVersion = 14.0.25420.1
MinimumVisualStudioVersion = 10.0.40219.1
Project("{2150E333-8FDC-42A3-9474-1A3956D46DE8}") = "src", "src", "{F543D780-D321-42B4-95F8-B19D21362351}"
EndProject
Project("{8BB2217D-0F2D-49D1-97BC-3654ED321F3B}") = "SmartParkAPI", "src\SmartParkAPI\SmartParkAPI.xproj", "{3E0C2918-1314-4400-A76F-8A33226CBC68}"
EndProject
Project("{8BB2217D-0F2D-49D1-97BC-3654ED321F3B}") = "SmartParkAPI.Shared", "src\SmartParkAPI.Shared\SmartParkAPI.Shared.xproj", "{C25C0E5A-4A7A-47F0-B61E-27A48E1692BF}"
EndProject
Project("{8BB2217D-0F2D-49D1-97BC-3654ED321F3B}") = "SmartParkAPI.Business", "src\SmartParkAPI.Business\SmartParkAPI.Business.xproj", "{A4408D1E-A72E-49C8-98C1-4D187875EB14}"
EndProject
Project("{8BB2217D-0F2D-49D1-97BC-3654ED321F3B}") = "SmartParkAPI.Contracts", "src\SmartParkAPI.Contracts\SmartParkAPI.Contracts.xproj", "{0629C6AE-2856-4544-98CA-DE0BCCC17E85}"
EndProject
Project("{8BB2217D-0F2D-49D1-97BC-3654ED321F3B}") = "SmartParkAPI.DataAccess", "src\SmartParkAPI.DataAccess\SmartParkAPI.DataAccess.xproj", "{976B99CF-A1A9-48D6-803C-6C82F577B9CA}"
EndProject
Project("{8BB2217D-0F2D-49D1-97BC-3654ED321F3B}") = "SmartParkAPI.Model", "src\SmartParkAPI.Model\SmartParkAPI.Model.xproj", "{FC0CF149-AF43-4B8D-A490-CAEF5AC5154E}"
EndProject
Project("{8BB2217D-0F2D-49D1-97BC-3654ED321F3B}") = "SmartParkAPI.Resolver", "src\SmartParkAPI.Resolver\SmartParkAPI.Resolver.xproj", "{BC7848E2-31B7-43F8-AF35-9597C565606B}"
EndProject
Project("{8BB2217D-0F2D-49D1-97BC-3654ED321F3B}") = "SmartParkAPI.Business.Tests", "src\SmartParkAPI.Business.Tests\SmartParkAPI.Business.Tests.xproj", "{3A9DD939-0000-4F3F-9FC5-44AD72FEB9AC}"
EndProject
Project("{8BB2217D-0F2D-49D1-97BC-3654ED321F3B}") = "SmartParkAPI.DataAccess.Tests", "src\SmartParkAPI.DataAccess.Tests\SmartParkAPI.DataAccess.Tests.xproj", "{3C632CE1-E509-4604-B909-77B50F689FC9}"
EndProject
Project("{8BB2217D-0F2D-49D1-97BC-3654ED321F3B}") = "SmartParkAPI.Shared.Tests", "src\SmartParkAPI.Shared.Tests\SmartParkAPI.Shared.Tests.xproj", "{75B283FA-94EC-4853-B693-0148BC86F3B2}"
EndProject
Global
	GlobalSection(SolutionConfigurationPlatforms) = preSolution
		Debug|Any CPU = Debug|Any CPU
		Release|Any CPU = Release|Any CPU
	EndGlobalSection
	GlobalSection(ProjectConfigurationPlatforms) = postSolution
		{3E0C2918-1314-4400-A76F-8A33226CBC68}.Debug|Any CPU.ActiveCfg = Debug|Any CPU
		{3E0C2918-1314-4400-A76F-8A33226CBC68}.Debug|Any CPU.Build.0 = Debug|Any CPU
		{3E0C2918-1314-4400-A76F-8A33226CBC68}.Release|Any CPU.ActiveCfg = Release|Any CPU
		{3E0C2918-1314-4400-A76F-8A33226CBC68}.Release|Any CPU.Build.0 = Release|Any CPU
		{C25C0E5A-4A7A-47F0-B61E-27A48E1692BF}.Debug|Any CPU.ActiveCfg = Debug|Any CPU
		{C25C0E5A-4A7A-47F0-B61E-27A48E1692BF}.Debug|Any CPU.Build.0 = Debug|Any CPU
		{C25C0E5A-4A7A-47F0-B61E-27A48E1692BF}.Release|Any CPU.ActiveCfg = Release|Any CPU
		{C25C0E5A-4A7A-47F0-B61E-27A48E1692BF}.Release|Any CPU.Build.0 = Release|Any CPU
		{A4408D1E-A72E-49C8-98C1-4D187875EB14}.Debug|Any CPU.ActiveCfg = Debug|Any CPU
		{A4408D1E-A72E-49C8-98C1-4D187875EB14}.Debug|Any CPU.Build.0 = Debug|Any CPU
		{A4408D1E-A72E-49C8-98C1-4D187875EB14}.Release|Any CPU.ActiveCfg = Release|Any CPU
		{A4408D1E-A72E-49C8-98C1-4D187875EB14}.Release|Any CPU.Build.0 = Release|Any CPU
		{0629C6AE-2856-4544-98CA-DE0BCCC17E85}.Debug|Any CPU.ActiveCfg = Debug|Any CPU
		{0629C6AE-2856-4544-98CA-DE0BCCC17E85}.Debug|Any CPU.Build.0 = Debug|Any CPU
		{0629C6AE-2856-4544-98CA-DE0BCCC17E85}.Release|Any CPU.ActiveCfg = Release|Any CPU
		{0629C6AE-2856-4544-98CA-DE0BCCC17E85}.Release|Any CPU.Build.0 = Release|Any CPU
		{976B99CF-A1A9-48D6-803C-6C82F577B9CA}.Debug|Any CPU.ActiveCfg = Debug|Any CPU
		{976B99CF-A1A9-48D6-803C-6C82F577B9CA}.Debug|Any CPU.Build.0 = Debug|Any CPU
		{976B99CF-A1A9-48D6-803C-6C82F577B9CA}.Release|Any CPU.ActiveCfg = Release|Any CPU
		{976B99CF-A1A9-48D6-803C-6C82F577B9CA}.Release|Any CPU.Build.0 = Release|Any CPU
		{FC0CF149-AF43-4B8D-A490-CAEF5AC5154E}.Debug|Any CPU.ActiveCfg = Debug|Any CPU
		{FC0CF149-AF43-4B8D-A490-CAEF5AC5154E}.Debug|Any CPU.Build.0 = Debug|Any CPU
		{FC0CF149-AF43-4B8D-A490-CAEF5AC5154E}.Release|Any CPU.ActiveCfg = Release|Any CPU
		{FC0CF149-AF43-4B8D-A490-CAEF5AC5154E}.Release|Any CPU.Build.0 = Release|Any CPU
		{BC7848E2-31B7-43F8-AF35-9597C565606B}.Debug|Any CPU.ActiveCfg = Debug|Any CPU
		{BC7848E2-31B7-43F8-AF35-9597C565606B}.Debug|Any CPU.Build.0 = Debug|Any CPU
		{BC7848E2-31B7-43F8-AF35-9597C565606B}.Release|Any CPU.ActiveCfg = Release|Any CPU
		{BC7848E2-31B7-43F8-AF35-9597C565606B}.Release|Any CPU.Build.0 = Release|Any CPU
		{3A9DD939-0000-4F3F-9FC5-44AD72FEB9AC}.Debug|Any CPU.ActiveCfg = Debug|Any CPU
		{3A9DD939-0000-4F3F-9FC5-44AD72FEB9AC}.Debug|Any CPU.Build.0 = Debug|Any CPU
		{3A9DD939-0000-4F3F-9FC5-44AD72FEB9AC}.Release|Any CPU.ActiveCfg = Release|Any CPU
		{3A9DD939-0000-4F3F-9FC5-44AD72FEB9AC}.Release|Any CPU.Build.0 = Release|Any CPU
		{3C632CE1-E509-4604-B909-77B50F689FC9}.Debug|Any CPU.ActiveCfg = Debug|Any CPU
		{3C632CE1-E509-4604-B909-77B50F689FC9}.Debug|Any CPU.Build.0 = Debug|Any CPU
		{3C632CE1-E509-4604-B909-77B50F689FC9}.Release|Any CPU.ActiveCfg = Release|Any CPU
		{3C632CE1-E509-4604-B909-77B50F689FC9}.Release|Any CPU.Build.0 = Release|Any CPU
		{75B283FA-94EC-4853-B693-0148BC86F3B2}.Debug|Any CPU.ActiveCfg = Debug|Any CPU
		{75B283FA-94EC-4853-B693-0148BC86F3B2}.Debug|Any CPU.Build.0 = Debug|Any CPU
		{75B283FA-94EC-4853-B693-0148BC86F3B2}.Release|Any CPU.ActiveCfg = Release|Any CPU
		{75B283FA-94EC-4853-B693-0148BC86F3B2}.Release|Any CPU.Build.0 = Release|Any CPU
	EndGlobalSection
	GlobalSection(SolutionProperties) = preSolution
		HideSolutionNode = FALSE
	EndGlobalSection
	GlobalSection(NestedProjects) = preSolution
		{3E0C2918-1314-4400-A76F-8A33226CBC68} = {F543D780-D321-42B4-95F8-B19D21362351}
		{C25C0E5A-4A7A-47F0-B61E-27A48E1692BF} = {F543D780-D321-42B4-95F8-B19D21362351}
		{A4408D1E-A72E-49C8-98C1-4D187875EB14} = {F543D780-D321-42B4-95F8-B19D21362351}
		{0629C6AE-2856-4544-98CA-DE0BCCC17E85} = {F543D780-D321-42B4-95F8-B19D21362351}
		{976B99CF-A1A9-48D6-803C-6C82F577B9CA} = {F543D780-D321-42B4-95F8-B19D21362351}
		{FC0CF149-AF43-4B8D-A490-CAEF5AC5154E} = {F543D780-D321-42B4-95F8-B19D21362351}
		{BC7848E2-31B7-43F8-AF35-9597C565606B} = {F543D780-D321-42B4-95F8-B19D21362351}
		{3A9DD939-0000-4F3F-9FC5-44AD72FEB9AC} = {F543D780-D321-42B4-95F8-B19D21362351}
		{3C632CE1-E509-4604-B909-77B50F689FC9} = {F543D780-D321-42B4-95F8-B19D21362351}
		{75B283FA-94EC-4853-B693-0148BC86F3B2} = {F543D780-D321-42B4-95F8-B19D21362351}
	EndGlobalSection
EndGlobal
